{
  "version": "5",
  "specifiers": {
    "jsr:@deltic/protocol@0.2": "0.2.0",
    "jsr:@deltic/runtime@0.1.0-pre.ga2f84a5": "0.1.0-pre.ga2f84a5"
  },
  "jsr": {
    "@deltic/protocol@0.2.0": {
      "integrity": "028be6a3623c5e910598aa7a199209b85e8931ae484ac7f6638d610ddb0e19fa"
    },
    "@deltic/runtime@0.1.0-pre.ga2f84a5": {
      "integrity": "c9abb811d0c814c819924e92d57eed5f68b7bad35593edc5dcf3fc656022f4e1",
      "dependencies": [
        "jsr:@deltic/protocol"
      ]
    }
  },
  "workspace": {
    "dependencies": [
      "jsr:@deltic/runtime@0.1.0-pre.ga2f84a5"
    ]
  }
}
