{
  "version": "5",
  "specifiers": {
    "jsr:@deltic/runtime@0.1.0-pre.ga67ee83": "0.1.0-pre.ga67ee83"
  },
  "jsr": {
    "@deltic/runtime@0.1.0-pre.ga67ee83": {
      "integrity": "2a2b0949031747a2340dc186299e654ea9f361ae39ac6bd633019940682db4ed"
    }
  },
  "workspace": {
    "dependencies": [
      "jsr:@deltic/runtime@0.1.0-pre.ga67ee83"
    ]
  }
}
