{
  "version": "5",
  "specifiers": {
    "jsr:@polyengine/protocol@~0.2.1": "0.2.1",
    "jsr:@polyengine/runtime@0.4": "0.4.0"
  },
  "jsr": {
    "@polyengine/protocol@0.2.1": {
      "integrity": "857bef84afedc414d47daedf203448f72e8803cf96301afb783b1ac975f3dcec"
    },
    "@polyengine/runtime@0.4.0": {
      "integrity": "d34a59d9df58bd48541483619d1987319d8aad4d2e0f3775890177ffb0878a5a",
      "dependencies": [
        "jsr:@polyengine/protocol"
      ]
    }
  },
  "workspace": {
    "dependencies": [
      "jsr:@polyengine/runtime@0.4"
    ]
  }
}
