{
  "version": "5",
  "specifiers": {
    "jsr:@polyengine/protocol@0.1": "0.1.0",
    "jsr:@polyengine/runtime@0.3": "0.3.0"
  },
  "jsr": {
    "@polyengine/protocol@0.1.0": {
      "integrity": "0c97f34166f22ba55e7b084148df96e47aebe47cd9dd13930057759c9161bb1c"
    },
    "@polyengine/runtime@0.3.0": {
      "integrity": "97d7648c104dd0f08b4d10e1ed0117ab0cb5243db68c139f1f3df25755ed4e60",
      "dependencies": [
        "jsr:@polyengine/protocol"
      ]
    }
  },
  "workspace": {
    "dependencies": [
      "jsr:@polyengine/runtime@0.3"
    ]
  }
}
