{
  "name": "@polymorph/webcrypto-jco",
  "version": "0.1.0",
  "lockfileVersion": 3,
  "requires": true,
  "packages": {
    "": {
      "name": "@polymorph/webcrypto-jco",
      "version": "0.1.0",
      "devDependencies": {
        "@bytecodealliance/jco-transpile": "0.7.0",
        "@jsr/polymorph__test": "0.2.0",
        "typescript": "^5.9.3"
      }
    },
    "node_modules/@bytecodealliance/jco-transpile": {
      "version": "0.7.0",
      "resolved": "https://registry.npmjs.org/@bytecodealliance/jco-transpile/-/jco-transpile-0.7.0.tgz",
      "integrity": "sha512-FCUUB2IgENQGfaSTfKLsx0Q8L95K2MpaJBcF6AGOBtCZndWWUkcvtHW3cu5MTVYOCfd6S5itMADSXaK2RWsJ7A==",
      "dev": true,
      "license": "(Apache-2.0 WITH LLVM-exception)",
      "dependencies": {
        "@bytecodealliance/preview2-shim": "^0.20.1",
        "@bytecodealliance/preview3-shim": "^0.2.2",
        "binaryen": "^130.0.0",
        "oxc-minify": "^0.136.0"
      }
    },
    "node_modules/@bytecodealliance/preview2-shim": {
      "version": "0.20.2",
      "resolved": "https://registry.npmjs.org/@bytecodealliance/preview2-shim/-/preview2-shim-0.20.2.tgz",
      "integrity": "sha512-Bp1cer1jztaQamLv1YKdc4MimI9LNAAKM2lNxOtGTLs7/At5KlA0fW1HWTi3ZJ5McaWNwJUDWSe5Lr0EgUpsnA==",
      "dev": true,
      "license": "(Apache-2.0 WITH LLVM-exception)"
    },
    "node_modules/@bytecodealliance/preview3-shim": {
      "version": "0.2.2",
      "resolved": "https://registry.npmjs.org/@bytecodealliance/preview3-shim/-/preview3-shim-0.2.2.tgz",
      "integrity": "sha512-9z4tjc+qixUhyeYo3ycoT4cZ9yIlUfkowJxGoKeMfbRd8zT3uvIr1YNfXyU0I93GPu+gdaTVsr8iMr55utEJSA==",
      "dev": true,
      "license": "(Apache-2.0 WITH LLVM-exception)",
      "dependencies": {
        "@bytecodealliance/preview2-shim": "^0.19.0"
      }
    },
    "node_modules/@bytecodealliance/preview3-shim/node_modules/@bytecodealliance/preview2-shim": {
      "version": "0.19.0",
      "resolved": "https://registry.npmjs.org/@bytecodealliance/preview2-shim/-/preview2-shim-0.19.0.tgz",
      "integrity": "sha512-OSUlcM62fXLuzYP0DjBn/SwjKMZ/y/2PMXZ8v5cRiiFcroauntlPRl/oCnx0xYjYiqdYvE0PY50VCNutll0xOw==",
      "dev": true,
      "license": "(Apache-2.0 WITH LLVM-exception)"
    },
    "node_modules/@emnapi/core": {
      "version": "1.11.1",
      "resolved": "https://registry.npmjs.org/@emnapi/core/-/core-1.11.1.tgz",
      "integrity": "sha512-RSvbQmHzdKzNsLYa/wHrbc3KN4sYLKAdPZxqiM2HATqv/SBk2/ENSHpvXGaLOMcsAyz0poEGqkmmKYG3OWiJEQ==",
      "dev": true,
      "license": "MIT",
      "optional": true,
      "dependencies": {
        "@emnapi/wasi-threads": "1.2.2",
        "tslib": "^2.4.0"
      }
    },
    "node_modules/@emnapi/runtime": {
      "version": "1.11.1",
      "resolved": "https://registry.npmjs.org/@emnapi/runtime/-/runtime-1.11.1.tgz",
      "integrity": "sha512-vgj7R3y3Wgx24IQaGPA/R6YFXLHVMOZ0uVEyIQPaWs+rd1AzfEMXlAC22FYwO1XkKR6NPsq7mUandH8oIRdZFw==",
      "dev": true,
      "license": "MIT",
      "optional": true,
      "dependencies": {
        "tslib": "^2.4.0"
      }
    },
    "node_modules/@emnapi/wasi-threads": {
      "version": "1.2.2",
      "resolved": "https://registry.npmjs.org/@emnapi/wasi-threads/-/wasi-threads-1.2.2.tgz",
      "integrity": "sha512-c95qOXkHdydNKhscBTebqEC1CVAZpyqOfVfBzQ1qgzyl3gfeldUjIggDbIZgDKsHLgnsM+igH7TJ/eAasaVuMA==",
      "dev": true,
      "license": "MIT",
      "optional": true,
      "dependencies": {
        "tslib": "^2.4.0"
      }
    },
    "node_modules/@jsr/polymorph__test": {
      "version": "0.2.0",
      "resolved": "https://npm.jsr.io/~/11/@jsr/polymorph__test/0.2.0.tgz",
      "integrity": "sha512-fM1IYIy4HnBJm2IlZn/3Gk0d9AmQZz9Kg6JkY0E+fPAhFb2hrAW+4G7TCRQsJ4PStl0rzuBqF9VI6w30f7xCMA==",
      "dev": true
    },
    "node_modules/@napi-rs/wasm-runtime": {
      "version": "1.2.3",
      "resolved": "https://registry.npmjs.org/@napi-rs/wasm-runtime/-/wasm-runtime-1.2.3.tgz",
      "integrity": "sha512-UMduMbqO5s5zF2NkNacMT/yK5Y5QiKvWr2+50bzIIxFDwVJ2h49b+oyjaCGPhJxd2/gC2x39EHv/gHVuu36x2Q==",
      "dev": true,
      "license": "MIT",
      "optional": true,
      "dependencies": {
        "@tybys/wasm-util": "^0.10.3"
      },
      "engines": {
        "node": "^20.19.0 || ^22.13.0 || >=23.5.0"
      },
      "funding": {
        "type": "github",
        "url": "https://github.com/sponsors/Brooooooklyn"
      },
      "peerDependencies": {
        "@emnapi/core": "^1.7.1 || ^2.0.0-alpha.4",
        "@emnapi/runtime": "^1.7.1 || ^2.0.0-alpha.4"
      }
    },
    "node_modules/@oxc-minify/binding-android-arm-eabi": {
      "version": "0.136.0",
      "resolved": "https://registry.npmjs.org/@oxc-minify/binding-android-arm-eabi/-/binding-android-arm-eabi-0.136.0.tgz",
      "integrity": "sha512-gk1jzky1vLeOcK7w9Ib2RT/UooZ7O21s8YSeXCsy4tzsmguKb3Cbsv/Ra2fKhMp4mKeKCzvC1Xa41OfSBWfWdQ==",
      "cpu": [
        "arm"
      ],
      "dev": true,
      "license": "MIT",
      "optional": true,
      "os": [
        "android"
      ],
      "engines": {
        "node": "^20.19.0 || >=22.12.0"
      }
    },
    "node_modules/@oxc-minify/binding-android-arm64": {
      "version": "0.136.0",
      "resolved": "https://registry.npmjs.org/@oxc-minify/binding-android-arm64/-/binding-android-arm64-0.136.0.tgz",
      "integrity": "sha512-5GIYanqud/ohXEcg2dsdn0+eSKXqclw5qlRUkvSM1sKEa4ZQ7hqOk8XPJBNPh3LXXw+Qw85B6jkmOFLKsCHp5w==",
      "cpu": [
        "arm64"
      ],
      "dev": true,
      "license": "MIT",
      "optional": true,
      "os": [
        "android"
      ],
      "engines": {
        "node": "^20.19.0 || >=22.12.0"
      }
    },
    "node_modules/@oxc-minify/binding-darwin-arm64": {
      "version": "0.136.0",
      "resolved": "https://registry.npmjs.org/@oxc-minify/binding-darwin-arm64/-/binding-darwin-arm64-0.136.0.tgz",
      "integrity": "sha512-QAMpHKXWOoMCTenSZjQjVT5YmMooujlCKAf1T3PHFl2LuaA6ukQFXba0bgSLgAxRrAeX/itkwi4lzVQXtYmnRg==",
      "cpu": [
        "arm64"
      ],
      "dev": true,
      "license": "MIT",
      "optional": true,
      "os": [
        "darwin"
      ],
      "engines": {
        "node": "^20.19.0 || >=22.12.0"
      }
    },
    "node_modules/@oxc-minify/binding-darwin-x64": {
      "version": "0.136.0",
      "resolved": "https://registry.npmjs.org/@oxc-minify/binding-darwin-x64/-/binding-darwin-x64-0.136.0.tgz",
      "integrity": "sha512-rDnoPj8hztiU8C1VNKuzujh7SgTJlgiUvUCiWQjTnVSLsABsLW9ZWd1l1Ji0VN3UW39wGpptgvahIWTrHnGH/A==",
      "cpu": [
        "x64"
      ],
      "dev": true,
      "license": "MIT",
      "optional": true,
      "os": [
        "darwin"
      ],
      "engines": {
        "node": "^20.19.0 || >=22.12.0"
      }
    },
    "node_modules/@oxc-minify/binding-freebsd-x64": {
      "version": "0.136.0",
      "resolved": "https://registry.npmjs.org/@oxc-minify/binding-freebsd-x64/-/binding-freebsd-x64-0.136.0.tgz",
      "integrity": "sha512-9fGSgP7uyPLCTjMx9z3AUV4UjnfOVoGTH5JzamLegPwGLJ97Gr1jht1437CRk8ZNabGmxQR6qNn3e+Tox2lswg==",
      "cpu": [
        "x64"
      ],
      "dev": true,
      "license": "MIT",
      "optional": true,
      "os": [
        "freebsd"
      ],
      "engines": {
        "node": "^20.19.0 || >=22.12.0"
      }
    },
    "node_modules/@oxc-minify/binding-linux-arm-gnueabihf": {
      "version": "0.136.0",
      "resolved": "https://registry.npmjs.org/@oxc-minify/binding-linux-arm-gnueabihf/-/binding-linux-arm-gnueabihf-0.136.0.tgz",
      "integrity": "sha512-k0QvZS+x6ROI4O5Ikqn9dDU2dmkEJ46Yh6baZJI/eUk/a1k1GOs9/vyXItLZrKlwYrSgdEx2BFXbKgyd1NyRPw==",
      "cpu": [
        "arm"
      ],
      "dev": true,
      "license": "MIT",
      "optional": true,
      "os": [
        "linux"
      ],
      "engines": {
        "node": "^20.19.0 || >=22.12.0"
      }
    },
    "node_modules/@oxc-minify/binding-linux-arm-musleabihf": {
      "version": "0.136.0",
      "resolved": "https://registry.npmjs.org/@oxc-minify/binding-linux-arm-musleabihf/-/binding-linux-arm-musleabihf-0.136.0.tgz",
      "integrity": "sha512-iRFxUc8ubotVfuyq3e4LPGbHrjvWd1/B3499a55GueMLc1EDJ0fHzNXJiCx2eMQGfzHtHodjmvrJ2BSvSXBNhQ==",
      "cpu": [
        "arm"
      ],
      "dev": true,
      "license": "MIT",
      "optional": true,
      "os": [
        "linux"
      ],
      "engines": {
        "node": "^20.19.0 || >=22.12.0"
      }
    },
    "node_modules/@oxc-minify/binding-linux-arm64-gnu": {
      "version": "0.136.0",
      "resolved": "https://registry.npmjs.org/@oxc-minify/binding-linux-arm64-gnu/-/binding-linux-arm64-gnu-0.136.0.tgz",
      "integrity": "sha512-hbKxNCXJsULrb6EyG5SumzJKuPfP8Y0UQ/TElRgXVUhyyPf6cBPlF8HMq+MAylF98ACBzV8jBp2Mm62lJyTo+w==",
      "cpu": [
        "arm64"
      ],
      "dev": true,
      "libc": [
        "glibc"
      ],
      "license": "MIT",
      "optional": true,
      "os": [
        "linux"
      ],
      "engines": {
        "node": "^20.19.0 || >=22.12.0"
      }
    },
    "node_modules/@oxc-minify/binding-linux-arm64-musl": {
      "version": "0.136.0",
      "resolved": "https://registry.npmjs.org/@oxc-minify/binding-linux-arm64-musl/-/binding-linux-arm64-musl-0.136.0.tgz",
      "integrity": "sha512-T+u/CGKW0UXemJeVux4ix6rK+ug3bQCUEbu5hFlX9K61KQNd44rOcrM15mDK99L7USaXwmiwHeIkEDvmmyDMSA==",
      "cpu": [
        "arm64"
      ],
      "dev": true,
      "libc": [
        "musl"
      ],
      "license": "MIT",
      "optional": true,
      "os": [
        "linux"
      ],
      "engines": {
        "node": "^20.19.0 || >=22.12.0"
      }
    },
    "node_modules/@oxc-minify/binding-linux-ppc64-gnu": {
      "version": "0.136.0",
      "resolved": "https://registry.npmjs.org/@oxc-minify/binding-linux-ppc64-gnu/-/binding-linux-ppc64-gnu-0.136.0.tgz",
      "integrity": "sha512-WNPTN2F448tb49BoqjV9IMRzZWa0WB8GHzrB+bnxKQPOyzz07T6rmDKrr4Hjl81ADGjDYSsr1fgXcjyLQFdMdw==",
      "cpu": [
        "ppc64"
      ],
      "dev": true,
      "libc": [
        "glibc"
      ],
      "license": "MIT",
      "optional": true,
      "os": [
        "linux"
      ],
      "engines": {
        "node": "^20.19.0 || >=22.12.0"
      }
    },
    "node_modules/@oxc-minify/binding-linux-riscv64-gnu": {
      "version": "0.136.0",
      "resolved": "https://registry.npmjs.org/@oxc-minify/binding-linux-riscv64-gnu/-/binding-linux-riscv64-gnu-0.136.0.tgz",
      "integrity": "sha512-MvcCfu8OeabrmNN9wqhh8Gqizg68RQ3iOvXBJmlLMy5p1PC6az9bAwqOk98lsCmKI4I5LpULekOlfxRYh3o5Kw==",
      "cpu": [
        "riscv64"
      ],
      "dev": true,
      "libc": [
        "glibc"
      ],
      "license": "MIT",
      "optional": true,
      "os": [
        "linux"
      ],
      "engines": {
        "node": "^20.19.0 || >=22.12.0"
      }
    },
    "node_modules/@oxc-minify/binding-linux-riscv64-musl": {
      "version": "0.136.0",
      "resolved": "https://registry.npmjs.org/@oxc-minify/binding-linux-riscv64-musl/-/binding-linux-riscv64-musl-0.136.0.tgz",
      "integrity": "sha512-rwJXFUFFA0egAULtOOgfW8YhhLhtWrr2qFxftvZ7/U6Xtxiev8i+eCwSNW1RpHiX74QMsJVpRE3ykoefqb1MtQ==",
      "cpu": [
        "riscv64"
      ],
      "dev": true,
      "libc": [
        "musl"
      ],
      "license": "MIT",
      "optional": true,
      "os": [
        "linux"
      ],
      "engines": {
        "node": "^20.19.0 || >=22.12.0"
      }
    },
    "node_modules/@oxc-minify/binding-linux-s390x-gnu": {
      "version": "0.136.0",
      "resolved": "https://registry.npmjs.org/@oxc-minify/binding-linux-s390x-gnu/-/binding-linux-s390x-gnu-0.136.0.tgz",
      "integrity": "sha512-qizAxHmj7VHm5/D5qiIlvzxAS2tlmadDOJ5XFI7zx/wfnk/+fdk5iVaHOv+C4tDE/4wLQyMoBYVIs6R1LeN91w==",
      "cpu": [
        "s390x"
      ],
      "dev": true,
      "libc": [
        "glibc"
      ],
      "license": "MIT",
      "optional": true,
      "os": [
        "linux"
      ],
      "engines": {
        "node": "^20.19.0 || >=22.12.0"
      }
    },
    "node_modules/@oxc-minify/binding-linux-x64-gnu": {
      "version": "0.136.0",
      "resolved": "https://registry.npmjs.org/@oxc-minify/binding-linux-x64-gnu/-/binding-linux-x64-gnu-0.136.0.tgz",
      "integrity": "sha512-gcyLAad0UblkEhGjVfx5Mwq63OSx8r04IbcfwzpZYpHisO/vioMsrs4GkDsQZ2Ejc8cdUk6YMIrf9FwNBzh+Dw==",
      "cpu": [
        "x64"
      ],
      "dev": true,
      "libc": [
        "glibc"
      ],
      "license": "MIT",
      "optional": true,
      "os": [
        "linux"
      ],
      "engines": {
        "node": "^20.19.0 || >=22.12.0"
      }
    },
    "node_modules/@oxc-minify/binding-linux-x64-musl": {
      "version": "0.136.0",
      "resolved": "https://registry.npmjs.org/@oxc-minify/binding-linux-x64-musl/-/binding-linux-x64-musl-0.136.0.tgz",
      "integrity": "sha512-QAK6kwBjljX6luYzeppVdRP3gTaFNFfp9iS/V0cCvU43wUZay5xFXBgmzBHYrzZV2MhzURNnXfEZRo9poAxyvA==",
      "cpu": [
        "x64"
      ],
      "dev": true,
      "libc": [
        "musl"
      ],
      "license": "MIT",
      "optional": true,
      "os": [
        "linux"
      ],
      "engines": {
        "node": "^20.19.0 || >=22.12.0"
      }
    },
    "node_modules/@oxc-minify/binding-openharmony-arm64": {
      "version": "0.136.0",
      "resolved": "https://registry.npmjs.org/@oxc-minify/binding-openharmony-arm64/-/binding-openharmony-arm64-0.136.0.tgz",
      "integrity": "sha512-nIGxkTOnN9GwslmooxbZ3Ti2RgbX9QLHy0X9uO0pslOT+4dsNVUawBU/6r4M5cWM+ZdRD2tOF4V+n0l8tS59nQ==",
      "cpu": [
        "arm64"
      ],
      "dev": true,
      "license": "MIT",
      "optional": true,
      "os": [
        "openharmony"
      ],
      "engines": {
        "node": "^20.19.0 || >=22.12.0"
      }
    },
    "node_modules/@oxc-minify/binding-wasm32-wasi": {
      "version": "0.136.0",
      "resolved": "https://registry.npmjs.org/@oxc-minify/binding-wasm32-wasi/-/binding-wasm32-wasi-0.136.0.tgz",
      "integrity": "sha512-YB3G8AHT6PpDS8/DfjlJrQjywj+/6gCkNBcAJdYzcYbQRIZE6SaTNowiGuZPR1m1jOl1WjcjefniKSmVxzhvRA==",
      "cpu": [
        "wasm32"
      ],
      "dev": true,
      "license": "MIT",
      "optional": true,
      "dependencies": {
        "@emnapi/core": "1.11.1",
        "@emnapi/runtime": "1.11.1",
        "@napi-rs/wasm-runtime": "^1.1.5"
      },
      "engines": {
        "node": "^20.19.0 || >=22.12.0"
      }
    },
    "node_modules/@oxc-minify/binding-win32-arm64-msvc": {
      "version": "0.136.0",
      "resolved": "https://registry.npmjs.org/@oxc-minify/binding-win32-arm64-msvc/-/binding-win32-arm64-msvc-0.136.0.tgz",
      "integrity": "sha512-UVRH3BlNc2rmla+sbSd5xTF/u+esCqZS6VSWPolZybcBh3TlVe1Sf5MOuHQWUaFoyv5uFOvee4hOfS/14nPvZw==",
      "cpu": [
        "arm64"
      ],
      "dev": true,
      "license": "MIT",
      "optional": true,
      "os": [
        "win32"
      ],
      "engines": {
        "node": "^20.19.0 || >=22.12.0"
      }
    },
    "node_modules/@oxc-minify/binding-win32-ia32-msvc": {
      "version": "0.136.0",
      "resolved": "https://registry.npmjs.org/@oxc-minify/binding-win32-ia32-msvc/-/binding-win32-ia32-msvc-0.136.0.tgz",
      "integrity": "sha512-zFGkUd82jci0E+isc2O36lVmmXVUDXyEMN2RYIyez+MBNqhdjPLIGx62FCsrJtLKeuiPf/8XkFv977aUtndUng==",
      "cpu": [
        "ia32"
      ],
      "dev": true,
      "license": "MIT",
      "optional": true,
      "os": [
        "win32"
      ],
      "engines": {
        "node": "^20.19.0 || >=22.12.0"
      }
    },
    "node_modules/@oxc-minify/binding-win32-x64-msvc": {
      "version": "0.136.0",
      "resolved": "https://registry.npmjs.org/@oxc-minify/binding-win32-x64-msvc/-/binding-win32-x64-msvc-0.136.0.tgz",
      "integrity": "sha512-VHgPwd5xibC9UYxBeq7nURTjY+wxhdumllij6JaCIUVfD9IRcrA66SVlJ5fPNoUXcRp8ZXhJfoIZwVz9wAEGJw==",
      "cpu": [
        "x64"
      ],
      "dev": true,
      "license": "MIT",
      "optional": true,
      "os": [
        "win32"
      ],
      "engines": {
        "node": "^20.19.0 || >=22.12.0"
      }
    },
    "node_modules/@tybys/wasm-util": {
      "version": "0.10.3",
      "resolved": "https://registry.npmjs.org/@tybys/wasm-util/-/wasm-util-0.10.3.tgz",
      "integrity": "sha512-F3fo1MYrRJYL3zER0OUOmkutjr1Vp23m7OsSgp7nq4SP6OqX6C/56XFIPAl5bt3zaBRjmW7SGz3u/6LwFpYcOg==",
      "dev": true,
      "license": "MIT",
      "optional": true,
      "dependencies": {
        "tslib": "^2.4.0"
      }
    },
    "node_modules/binaryen": {
      "version": "130.0.0",
      "resolved": "https://registry.npmjs.org/binaryen/-/binaryen-130.0.0.tgz",
      "integrity": "sha512-XDrb+zql0RbFPKgj7MuH9zOc78R3Fa/P/VSGnnpdwYsvNZPWjcMYMdAkKCOQEL2A7yqgjSMTDRFp6gfSDW+/QQ==",
      "dev": true,
      "license": "Apache-2.0",
      "bin": {
        "wasm-as": "bin/wasm-as",
        "wasm-ctor-eval": "bin/wasm-ctor-eval",
        "wasm-dis": "bin/wasm-dis",
        "wasm-merge": "bin/wasm-merge",
        "wasm-metadce": "bin/wasm-metadce",
        "wasm-opt": "bin/wasm-opt",
        "wasm-reduce": "bin/wasm-reduce",
        "wasm-shell": "bin/wasm-shell",
        "wasm2js": "bin/wasm2js"
      }
    },
    "node_modules/oxc-minify": {
      "version": "0.136.0",
      "resolved": "https://registry.npmjs.org/oxc-minify/-/oxc-minify-0.136.0.tgz",
      "integrity": "sha512-u9UvPFTYVwQ/i1kpp/c20S/SbvLaLV0Ngzyhgi0YV4B1SlxM7RgnnePl4vY9N3Z9sTRcozL1MRStI3PlUN9RFA==",
      "dev": true,
      "license": "MIT",
      "engines": {
        "node": "^20.19.0 || >=22.12.0"
      },
      "funding": {
        "url": "https://github.com/sponsors/Boshen"
      },
      "optionalDependencies": {
        "@oxc-minify/binding-android-arm-eabi": "0.136.0",
        "@oxc-minify/binding-android-arm64": "0.136.0",
        "@oxc-minify/binding-darwin-arm64": "0.136.0",
        "@oxc-minify/binding-darwin-x64": "0.136.0",
        "@oxc-minify/binding-freebsd-x64": "0.136.0",
        "@oxc-minify/binding-linux-arm-gnueabihf": "0.136.0",
        "@oxc-minify/binding-linux-arm-musleabihf": "0.136.0",
        "@oxc-minify/binding-linux-arm64-gnu": "0.136.0",
        "@oxc-minify/binding-linux-arm64-musl": "0.136.0",
        "@oxc-minify/binding-linux-ppc64-gnu": "0.136.0",
        "@oxc-minify/binding-linux-riscv64-gnu": "0.136.0",
        "@oxc-minify/binding-linux-riscv64-musl": "0.136.0",
        "@oxc-minify/binding-linux-s390x-gnu": "0.136.0",
        "@oxc-minify/binding-linux-x64-gnu": "0.136.0",
        "@oxc-minify/binding-linux-x64-musl": "0.136.0",
        "@oxc-minify/binding-openharmony-arm64": "0.136.0",
        "@oxc-minify/binding-wasm32-wasi": "0.136.0",
        "@oxc-minify/binding-win32-arm64-msvc": "0.136.0",
        "@oxc-minify/binding-win32-ia32-msvc": "0.136.0",
        "@oxc-minify/binding-win32-x64-msvc": "0.136.0"
      }
    },
    "node_modules/tslib": {
      "version": "2.8.1",
      "resolved": "https://registry.npmjs.org/tslib/-/tslib-2.8.1.tgz",
      "integrity": "sha512-oJFu94HQb+KVduSUQL7wnpmqnfmLsOA/nAh6b6EH0wCEoK0/mPeXU6c3wKDV83MkOuHPRHtSXKKU99IBazS/2w==",
      "dev": true,
      "license": "0BSD",
      "optional": true
    },
    "node_modules/typescript": {
      "version": "5.9.3",
      "resolved": "https://registry.npmjs.org/typescript/-/typescript-5.9.3.tgz",
      "integrity": "sha512-jl1vZzPDinLr9eUt3J/t7V6FgNEw9QjvBPdysz9KfQDD41fQrC2Y4vKQdiaUpFT4bXlb1RHhLpp8wtm6M5TgSw==",
      "dev": true,
      "license": "Apache-2.0",
      "bin": {
        "tsc": "bin/tsc",
        "tsserver": "bin/tsserver"
      },
      "engines": {
        "node": ">=14.17"
      }
    }
  }
}
